
Microsoft Visual Studio Solution File, Format Version 12.00
# Visual Studio Version 16
VisualStudioVersion = 16.0.31729.503
MinimumVisualStudioVersion = 10.0.40219.1
Project("{FAE04EC0-301F-11D3-BF4B-00C04F79EFBC}") = "ServerConfigMtk-P2-20190140047", "ServerConfigMtk-P2-20190140047\ServerConfigMtk-P2-20190140047.csproj", "{90FE007B-F0A5-4D4A-B1C9-BE1E650810B3}"
EndProject
Global
	GlobalSection(SolutionConfigurationPlatforms) = preSolution
		Debug|Any CPU = Debug|Any CPU
		Release|Any CPU = Release|Any CPU
	EndGlobalSection
	GlobalSection(ProjectConfigurationPlatforms) = postSolution
		{90FE007B-F0A5-4D4A-B1C9-BE1E650810B3}.Debug|Any CPU.ActiveCfg = Debug|Any CPU
		{90FE007B-F0A5-4D4A-B1C9-BE1E650810B3}.Debug|Any CPU.Build.0 = Debug|Any CPU
		{90FE007B-F0A5-4D4A-B1C9-BE1E650810B3}.Release|Any CPU.ActiveCfg = Release|Any CPU
		{90FE007B-F0A5-4D4A-B1C9-BE1E650810B3}.Release|Any CPU.Build.0 = Release|Any CPU
	EndGlobalSection
	GlobalSection(SolutionProperties) = preSolution
		HideSolutionNode = FALSE
	EndGlobalSection
	GlobalSection(ExtensibilityGlobals) = postSolution
		SolutionGuid = {978F570B-30DF-42C1-ABBF-07B101875718}
	EndGlobalSection
EndGlobal
